
Microsoft Visual Studio Solution File, Format Version 12.00
# Visual Studio 15
VisualStudioVersion = 15.0.28307.1022
MinimumVisualStudioVersion = 10.0.40219.1
Project("{FAE04EC0-301F-11D3-BF4B-00C04F79EFBC}") = "Numeros Romanos", "Numeros Romanos\Numeros Romanos.csproj", "{957DBFCE-791B-45EE-B314-442213C1C1C3}"
EndProject
Global
	GlobalSection(SolutionConfigurationPlatforms) = preSolution
		Debug|Any CPU = Debug|Any CPU
		Release|Any CPU = Release|Any CPU
	EndGlobalSection
	GlobalSection(ProjectConfigurationPlatforms) = postSolution
		{957DBFCE-791B-45EE-B314-442213C1C1C3}.Debug|Any CPU.ActiveCfg = Debug|Any CPU
		{957DBFCE-791B-45EE-B314-442213C1C1C3}.Debug|Any CPU.Build.0 = Debug|Any CPU
		{957DBFCE-791B-45EE-B314-442213C1C1C3}.Release|Any CPU.ActiveCfg = Release|Any CPU
		{957DBFCE-791B-45EE-B314-442213C1C1C3}.Release|Any CPU.Build.0 = Release|Any CPU
	EndGlobalSection
	GlobalSection(SolutionProperties) = preSolution
		HideSolutionNode = FALSE
	EndGlobalSection
	GlobalSection(ExtensibilityGlobals) = postSolution
		SolutionGuid = {55E66013-7E3E-46E0-BFC5-E3035135825F}
	EndGlobalSection
EndGlobal
